// !$*UTF8*$!
{
	archiveVersion = 1;
	classes = {
	};
	objectVersion = 48;
	objects = {

/* Begin PBXBuildFile section */
		030731F021246D610037093E /* TicketsCollectionViewController.m in Sources */ = {isa = PBXBuildFile; fileRef = 030731EF21246D610037093E /* TicketsCollectionViewController.m */; };
		030731F32124716B0037093E /* TicketsCollectionViewFlowLayout.m in Sources */ = {isa = PBXBuildFile; fileRef = 030731F22124716B0037093E /* TicketsCollectionViewFlowLayout.m */; };
		030731F6212482DB0037093E /* TicketsCollectionViewCell.m in Sources */ = {isa = PBXBuildFile; fileRef = 030731F5212482DB0037093E /* TicketsCollectionViewCell.m */; };
		030731F92124871D0037093E /* TicketsData.m in Sources */ = {isa = PBXBuildFile; fileRef = 030731F82124871D0037093E /* TicketsData.m */; };
		030731FB212496F00037093E /* TicketsCollectionViewCell.xib in Resources */ = {isa = PBXBuildFile; fileRef = 030731FA212496F00037093E /* TicketsCollectionViewCell.xib */; };
		030732012127A4E00037093E /* NoticeTableViewController.m in Sources */ = {isa = PBXBuildFile; fileRef = 030732002127A4E00037093E /* NoticeTableViewController.m */; };
		0307320B2127AFD00037093E /* NoticeTableViewCell.m in Sources */ = {isa = PBXBuildFile; fileRef = 030732092127AFD00037093E /* NoticeTableViewCell.m */; };
		0307320C2127AFD00037093E /* NoticeTableViewCell.xib in Resources */ = {isa = PBXBuildFile; fileRef = 0307320A2127AFD00037093E /* NoticeTableViewCell.xib */; };
		0307320F2127B0020037093E /* NoticeData.m in Sources */ = {isa = PBXBuildFile; fileRef = 0307320E2127B0020037093E /* NoticeData.m */; };
		031859C7211CA7AF0038ED56 /* ActivityViewPresentationController.m in Sources */ = {isa = PBXBuildFile; fileRef = 031859C6211CA7AF0038ED56 /* ActivityViewPresentationController.m */; };
		031859CA211FC7050038ED56 /* ActivityViewDismissAnimation.m in Sources */ = {isa = PBXBuildFile; fileRef = 031859C9211FC7050038ED56 /* ActivityViewDismissAnimation.m */; };
		031859CD211FC8250038ED56 /* ActivityViewPresentAnimation.m in Sources */ = {isa = PBXBuildFile; fileRef = 031859CC211FC8250038ED56 /* ActivityViewPresentAnimation.m */; };
		031859D7211FF4120038ED56 /* ActivityMainInfoView.m in Sources */ = {isa = PBXBuildFile; fileRef = 031859D6211FF4120038ED56 /* ActivityMainInfoView.m */; };
		031859D9211FF4210038ED56 /* ActivityMainInfoView.xib in Resources */ = {isa = PBXBuildFile; fileRef = 031859D8211FF4210038ED56 /* ActivityMainInfoView.xib */; };
		033C5E8C212C5F64006666A1 /* GoogleService-Info.plist in Resources */ = {isa = PBXBuildFile; fileRef = 033C5E8B212C5F64006666A1 /* GoogleService-Info.plist */; };
		033C5E932130E769006666A1 /* AuthorizedManager.m in Sources */ = {isa = PBXBuildFile; fileRef = 033C5E922130E769006666A1 /* AuthorizedManager.m */; };
		033C5E972131D7A6006666A1 /* AccountRepository.m in Sources */ = {isa = PBXBuildFile; fileRef = 033C5E962131D7A6006666A1 /* AccountRepository.m */; };
		033C5E9F2132656C006666A1 /* AccountInfoModel.m in Sources */ = {isa = PBXBuildFile; fileRef = 033C5E9E2132656C006666A1 /* AccountInfoModel.m */; };
		033C5EA221326E5E006666A1 /* SettingsTableViewController.m in Sources */ = {isa = PBXBuildFile; fileRef = 033C5EA121326E5E006666A1 /* SettingsTableViewController.m */; };
		034A260C2128096F00B0BCAD /* ActivityCollectionViewFlowLayout.m in Sources */ = {isa = PBXBuildFile; fileRef = 034A260B2128096F00B0BCAD /* ActivityCollectionViewFlowLayout.m */; };
		034A2645212B1CE200B0BCAD /* AccountInfoTableViewController.m in Sources */ = {isa = PBXBuildFile; fileRef = 034A2644212B1CE200B0BCAD /* AccountInfoTableViewController.m */; };
		034A264A212B1D4200B0BCAD /* AccountInfoDetailTableViewCell.m in Sources */ = {isa = PBXBuildFile; fileRef = 034A2648212B1D4200B0BCAD /* AccountInfoDetailTableViewCell.m */; };
		034A264B212B1D4200B0BCAD /* AccountInfoDetailTableViewCell.xib in Resources */ = {isa = PBXBuildFile; fileRef = 034A2649212B1D4200B0BCAD /* AccountInfoDetailTableViewCell.xib */; };
		034A264F212B1D8500B0BCAD /* AccountImageTableViewCell.m in Sources */ = {isa = PBXBuildFile; fileRef = 034A264D212B1D8500B0BCAD /* AccountImageTableViewCell.m */; };
		034A2650212B1D8500B0BCAD /* AccountImageTableViewCell.xib in Resources */ = {isa = PBXBuildFile; fileRef = 034A264E212B1D8500B0BCAD /* AccountImageTableViewCell.xib */; };
		034A2653212B396000B0BCAD /* LoginPage.storyboard in Resources */ = {isa = PBXBuildFile; fileRef = 034A2651212B396000B0BCAD /* LoginPage.storyboard */; };
		034A2657212B39C900B0BCAD /* LoginViewController.m in Sources */ = {isa = PBXBuildFile; fileRef = 034A2656212B39C900B0BCAD /* LoginViewController.m */; };
		034A265A212B39E900B0BCAD /* RegisteredViewController.m in Sources */ = {isa = PBXBuildFile; fileRef = 034A2659212B39E900B0BCAD /* RegisteredViewController.m */; };
		03EC2604213A9CB800118EEA /* LoadingView.xib in Resources */ = {isa = PBXBuildFile; fileRef = 03EC2603213A9CB800118EEA /* LoadingView.xib */; };
		03EC2607213A9D6600118EEA /* LoadingView.m in Sources */ = {isa = PBXBuildFile; fileRef = 03EC2606213A9D6600118EEA /* LoadingView.m */; };
		03EDA92A210487EA006CCB67 /* AppDelegate.m in Sources */ = {isa = PBXBuildFile; fileRef = 03EDA929210487EA006CCB67 /* AppDelegate.m */; };
		03EDA930210487EA006CCB67 /* Main.storyboard in Resources */ = {isa = PBXBuildFile; fileRef = 03EDA92E210487EA006CCB67 /* Main.storyboard */; };
		03EDA932210487EA006CCB67 /* Assets.xcassets in Resources */ = {isa = PBXBuildFile; fileRef = 03EDA931210487EA006CCB67 /* Assets.xcassets */; };
		03EDA935210487EA006CCB67 /* LaunchScreen.storyboard in Resources */ = {isa = PBXBuildFile; fileRef = 03EDA933210487EA006CCB67 /* LaunchScreen.storyboard */; };
		03EDA938210487EA006CCB67 /* main.m in Sources */ = {isa = PBXBuildFile; fileRef = 03EDA937210487EA006CCB67 /* main.m */; };
		03EDA942210487EA006CCB67 /* OCleanupTests.m in Sources */ = {isa = PBXBuildFile; fileRef = 03EDA941210487EA006CCB67 /* OCleanupTests.m */; };
		03EDA94D210487EA006CCB67 /* OCleanupUITests.m in Sources */ = {isa = PBXBuildFile; fileRef = 03EDA94C210487EA006CCB67 /* OCleanupUITests.m */; };
		03EDA95C21061D2C006CCB67 /* BasicTabBarController.m in Sources */ = {isa = PBXBuildFile; fileRef = 03EDA95B21061D2C006CCB67 /* BasicTabBarController.m */; };
		03EDA95F21061D7A006CCB67 /* BasicTabBar.m in Sources */ = {isa = PBXBuildFile; fileRef = 03EDA95E21061D7A006CCB67 /* BasicTabBar.m */; };
		03EDA96821078132006CCB67 /* HomeViewController.m in Sources */ = {isa = PBXBuildFile; fileRef = 03EDA96721078132006CCB67 /* HomeViewController.m */; };
		03EDA978210E084D006CCB67 /* ActivityCollectionViewCell.m in Sources */ = {isa = PBXBuildFile; fileRef = 03EDA977210E084D006CCB67 /* ActivityCollectionViewCell.m */; };
		03EDA97B210E0F41006CCB67 /* ActivityCollectionViewController.m in Sources */ = {isa = PBXBuildFile; fileRef = 03EDA97A210E0F41006CCB67 /* ActivityCollectionViewController.m */; };
		03EDA97F210E11CD006CCB67 /* ActivityViewController.m in Sources */ = {isa = PBXBuildFile; fileRef = 03EDA97E210E11CD006CCB67 /* ActivityViewController.m */; };
		03EDA985211347E4006CCB67 /* ActivityInfoData.m in Sources */ = {isa = PBXBuildFile; fileRef = 03EDA984211347E4006CCB67 /* ActivityInfoData.m */; };
		54FF5F08EF24C11C9AD4C9DF /* libPods-OCleanup.a in Frameworks */ = {isa = PBXBuildFile; fileRef = 06A86E4FDEF2DEE726BCFA4A /* libPods-OCleanup.a */; };
		7B1E3F0215D3B0E5A361DBC5 /* libPods-OCleanupTests.a in Frameworks */ = {isa = PBXBuildFile; fileRef = 78823AA0E9572C47E48151CA /* libPods-OCleanupTests.a */; };
		B1E4DA63D1172DE4888D6D43 /* libPods-OCleanupUITests.a in Frameworks */ = {isa = PBXBuildFile; fileRef = 7737802089BE29FD197249EC /* libPods-OCleanupUITests.a */; };
/* End PBXBuildFile section */

/* Begin PBXContainerItemProxy section */
		03EDA93E210487EA006CCB67 /* PBXContainerItemProxy */ = {
			isa = PBXContainerItemProxy;
			containerPortal = 03EDA91D210487EA006CCB67 /* Project object */;
			proxyType = 1;
			remoteGlobalIDString = 03EDA924210487EA006CCB67;
			remoteInfo = OCleanup;
		};
		03EDA949210487EA006CCB67 /* PBXContainerItemProxy */ = {
			isa = PBXContainerItemProxy;
			containerPortal = 03EDA91D210487EA006CCB67 /* Project object */;
			proxyType = 1;
			remoteGlobalIDString = 03EDA924210487EA006CCB67;
			remoteInfo = OCleanup;
		};
/* End PBXContainerItemProxy section */

/* Begin PBXFileReference section */
		030731EE21246D610037093E /* TicketsCollectionViewController.h */ = {isa = PBXFileReference; lastKnownFileType = sourcecode.c.h; path = TicketsCollectionViewController.h; sourceTree = "<group>"; };
		030731EF21246D610037093E /* TicketsCollectionViewController.m */ = {isa = PBXFileReference; lastKnownFileType = sourcecode.c.objc; path = TicketsCollectionViewController.m; sourceTree = "<group>"; };
		030731F12124716B0037093E /* TicketsCollectionViewFlowLayout.h */ = {isa = PBXFileReference; lastKnownFileType = sourcecode.c.h; path = TicketsCollectionViewFlowLayout.h; sourceTree = "<group>"; };
		030731F22124716B0037093E /* TicketsCollectionViewFlowLayout.m */ = {isa = PBXFileReference; lastKnownFileType = sourcecode.c.objc; path = TicketsCollectionViewFlowLayout.m; sourceTree = "<group>"; };
		030731F4212482DB0037093E /* TicketsCollectionViewCell.h */ = {isa = PBXFileReference; lastKnownFileType = sourcecode.c.h; path = TicketsCollectionViewCell.h; sourceTree = "<group>"; };
		030731F5212482DB0037093E /* TicketsCollectionViewCell.m */ = {isa = PBXFileReference; lastKnownFileType = sourcecode.c.objc; path = TicketsCollectionViewCell.m; sourceTree = "<group>"; };
		030731F72124871D0037093E /* TicketsData.h */ = {isa = PBXFileReference; lastKnownFileType = sourcecode.c.h; path = TicketsData.h; sourceTree = "<group>"; };
		030731F82124871D0037093E /* TicketsData.m */ = {isa = PBXFileReference; lastKnownFileType = sourcecode.c.objc; path = TicketsData.m; sourceTree = "<group>"; };
		030731FA212496F00037093E /* TicketsCollectionViewCell.xib */ = {isa = PBXFileReference; lastKnownFileType = file.xib; path = TicketsCollectionViewCell.xib; sourceTree = "<group>"; };
		030731FF2127A4DF0037093E /* NoticeTableViewController.h */ = {isa = PBXFileReference; lastKnownFileType = sourcecode.c.h; path = NoticeTableViewController.h; sourceTree = "<group>"; };
		030732002127A4E00037093E /* NoticeTableViewController.m */ = {isa = PBXFileReference; lastKnownFileType = sourcecode.c.objc; path = NoticeTableViewController.m; sourceTree = "<group>"; };
		030732082127AFD00037093E /* NoticeTableViewCell.h */ = {isa = PBXFileReference; lastKnownFileType = sourcecode.c.h; path = NoticeTableViewCell.h; sourceTree = "<group>"; };
		030732092127AFD00037093E /* NoticeTableViewCell.m */ = {isa = PBXFileReference; lastKnownFileType = sourcecode.c.objc; path = NoticeTableViewCell.m; sourceTree = "<group>"; };
		0307320A2127AFD00037093E /* NoticeTableViewCell.xib */ = {isa = PBXFileReference; lastKnownFileType = file.xib; path = NoticeTableViewCell.xib; sourceTree = "<group>"; };
		0307320D2127B0020037093E /* NoticeData.h */ = {isa = PBXFileReference; lastKnownFileType = sourcecode.c.h; path = NoticeData.h; sourceTree = "<group>"; };
		0307320E2127B0020037093E /* NoticeData.m */ = {isa = PBXFileReference; lastKnownFileType = sourcecode.c.objc; path = NoticeData.m; sourceTree = "<group>"; };
		031859C5211CA7AF0038ED56 /* ActivityViewPresentationController.h */ = {isa = PBXFileReference; lastKnownFileType = sourcecode.c.h; path = ActivityViewPresentationController.h; sourceTree = "<group>"; };
		031859C6211CA7AF0038ED56 /* ActivityViewPresentationController.m */ = {isa = PBXFileReference; lastKnownFileType = sourcecode.c.objc; path = ActivityViewPresentationController.m; sourceTree = "<group>"; };
		031859C8211FC7050038ED56 /* ActivityViewDismissAnimation.h */ = {isa = PBXFileReference; lastKnownFileType = sourcecode.c.h; path = ActivityViewDismissAnimation.h; sourceTree = "<group>"; };
		031859C9211FC7050038ED56 /* ActivityViewDismissAnimation.m */ = {isa = PBXFileReference; lastKnownFileType = sourcecode.c.objc; path = ActivityViewDismissAnimation.m; sourceTree = "<group>"; };
		031859CB211FC8250038ED56 /* ActivityViewPresentAnimation.h */ = {isa = PBXFileReference; lastKnownFileType = sourcecode.c.h; path = ActivityViewPresentAnimation.h; sourceTree = "<group>"; };
		031859CC211FC8250038ED56 /* ActivityViewPresentAnimation.m */ = {isa = PBXFileReference; lastKnownFileType = sourcecode.c.objc; path = ActivityViewPresentAnimation.m; sourceTree = "<group>"; };
		031859D5211FF4120038ED56 /* ActivityMainInfoView.h */ = {isa = PBXFileReference; lastKnownFileType = sourcecode.c.h; path = ActivityMainInfoView.h; sourceTree = "<group>"; };
		031859D6211FF4120038ED56 /* ActivityMainInfoView.m */ = {isa = PBXFileReference; lastKnownFileType = sourcecode.c.objc; path = ActivityMainInfoView.m; sourceTree = "<group>"; };
		031859D8211FF4210038ED56 /* ActivityMainInfoView.xib */ = {isa = PBXFileReference; lastKnownFileType = file.xib; path = ActivityMainInfoView.xib; sourceTree = "<group>"; };
		033C5E8B212C5F64006666A1 /* GoogleService-Info.plist */ = {isa = PBXFileReference; fileEncoding = 4; lastKnownFileType = text.plist.xml; path = "GoogleService-Info.plist"; sourceTree = "<group>"; };
		033C5E912130E769006666A1 /* AuthorizedManager.h */ = {isa = PBXFileReference; lastKnownFileType = sourcecode.c.h; path = AuthorizedManager.h; sourceTree = "<group>"; };
		033C5E922130E769006666A1 /* AuthorizedManager.m */ = {isa = PBXFileReference; lastKnownFileType = sourcecode.c.objc; path = AuthorizedManager.m; sourceTree = "<group>"; };
		033C5E952131D7A6006666A1 /* AccountRepository.h */ = {isa = PBXFileReference; lastKnownFileType = sourcecode.c.h; path = AccountRepository.h; sourceTree = "<group>"; };
		033C5E962131D7A6006666A1 /* AccountRepository.m */ = {isa = PBXFileReference; lastKnownFileType = sourcecode.c.objc; path = AccountRepository.m; sourceTree = "<group>"; };
		033C5E9D2132656C006666A1 /* AccountInfoModel.h */ = {isa = PBXFileReference; lastKnownFileType = sourcecode.c.h; path = AccountInfoModel.h; sourceTree = "<group>"; };
		033C5E9E2132656C006666A1 /* AccountInfoModel.m */ = {isa = PBXFileReference; lastKnownFileType = sourcecode.c.objc; path = AccountInfoModel.m; sourceTree = "<group>"; };
		033C5EA021326E5E006666A1 /* SettingsTableViewController.h */ = {isa = PBXFileReference; lastKnownFileType = sourcecode.c.h; path = SettingsTableViewController.h; sourceTree = "<group>"; };
		033C5EA121326E5E006666A1 /* SettingsTableViewController.m */ = {isa = PBXFileReference; lastKnownFileType = sourcecode.c.objc; path = SettingsTableViewController.m; sourceTree = "<group>"; };
		034A260A2128096F00B0BCAD /* ActivityCollectionViewFlowLayout.h */ = {isa = PBXFileReference; lastKnownFileType = sourcecode.c.h; path = ActivityCollectionViewFlowLayout.h; sourceTree = "<group>"; };
		034A260B2128096F00B0BCAD /* ActivityCollectionViewFlowLayout.m */ = {isa = PBXFileReference; lastKnownFileType = sourcecode.c.objc; path = ActivityCollectionViewFlowLayout.m; sourceTree = "<group>"; };
		034A2643212B1CE200B0BCAD /* AccountInfoTableViewController.h */ = {isa = PBXFileReference; lastKnownFileType = sourcecode.c.h; path = AccountInfoTableViewController.h; sourceTree = "<group>"; };
		034A2644212B1CE200B0BCAD /* AccountInfoTableViewController.m */ = {isa = PBXFileReference; lastKnownFileType = sourcecode.c.objc; path = AccountInfoTableViewController.m; sourceTree = "<group>"; };
		034A2647212B1D4200B0BCAD /* AccountInfoDetailTableViewCell.h */ = {isa = PBXFileReference; lastKnownFileType = sourcecode.c.h; path = AccountInfoDetailTableViewCell.h; sourceTree = "<group>"; };
		034A2648212B1D4200B0BCAD /* AccountInfoDetailTableViewCell.m */ = {isa = PBXFileReference; lastKnownFileType = sourcecode.c.objc; path = AccountInfoDetailTableViewCell.m; sourceTree = "<group>"; };
		034A2649212B1D4200B0BCAD /* AccountInfoDetailTableViewCell.xib */ = {isa = PBXFileReference; lastKnownFileType = file.xib; path = AccountInfoDetailTableViewCell.xib; sourceTree = "<group>"; };
		034A264C212B1D8500B0BCAD /* AccountImageTableViewCell.h */ = {isa = PBXFileReference; lastKnownFileType = sourcecode.c.h; path = AccountImageTableViewCell.h; sourceTree = "<group>"; };
		034A264D212B1D8500B0BCAD /* AccountImageTableViewCell.m */ = {isa = PBXFileReference; lastKnownFileType = sourcecode.c.objc; path = AccountImageTableViewCell.m; sourceTree = "<group>"; };
		034A264E212B1D8500B0BCAD /* AccountImageTableViewCell.xib */ = {isa = PBXFileReference; lastKnownFileType = file.xib; path = AccountImageTableViewCell.xib; sourceTree = "<group>"; };
		034A2652212B396000B0BCAD /* Base */ = {isa = PBXFileReference; lastKnownFileType = file.storyboard; name = Base; path = OCleanup/Base.lproj/LoginPage.storyboard; sourceTree = "<group>"; };
		034A2655212B39C900B0BCAD /* LoginViewController.h */ = {isa = PBXFileReference; lastKnownFileType = sourcecode.c.h; path = LoginViewController.h; sourceTree = "<group>"; };
		034A2656212B39C900B0BCAD /* LoginViewController.m */ = {isa = PBXFileReference; lastKnownFileType = sourcecode.c.objc; path = LoginViewController.m; sourceTree = "<group>"; };
		034A2658212B39E900B0BCAD /* RegisteredViewController.h */ = {isa = PBXFileReference; lastKnownFileType = sourcecode.c.h; path = RegisteredViewController.h; sourceTree = "<group>"; };
		034A2659212B39E900B0BCAD /* RegisteredViewController.m */ = {isa = PBXFileReference; lastKnownFileType = sourcecode.c.objc; path = RegisteredViewController.m; sourceTree = "<group>"; };
		03EC2603213A9CB800118EEA /* LoadingView.xib */ = {isa = PBXFileReference; lastKnownFileType = file.xib; path = LoadingView.xib; sourceTree = "<group>"; };
		03EC2605213A9D6600118EEA /* LoadingView.h */ = {isa = PBXFileReference; lastKnownFileType = sourcecode.c.h; path = LoadingView.h; sourceTree = "<group>"; };
		03EC2606213A9D6600118EEA /* LoadingView.m */ = {isa = PBXFileReference; lastKnownFileType = sourcecode.c.objc; path = LoadingView.m; sourceTree = "<group>"; };
		03EDA925210487EA006CCB67 /* OCleanup.app */ = {isa = PBXFileReference; explicitFileType = wrapper.application; includeInIndex = 0; path = OCleanup.app; sourceTree = BUILT_PRODUCTS_DIR; };
		03EDA928210487EA006CCB67 /* AppDelegate.h */ = {isa = PBXFileReference; lastKnownFileType = sourcecode.c.h; path = AppDelegate.h; sourceTree = "<group>"; };
		03EDA929210487EA006CCB67 /* AppDelegate.m */ = {isa = PBXFileReference; lastKnownFileType = sourcecode.c.objc; path = AppDelegate.m; sourceTree = "<group>"; };
		03EDA92F210487EA006CCB67 /* Base */ = {isa = PBXFileReference; lastKnownFileType = file.storyboard; name = Base; path = Base.lproj/Main.storyboard; sourceTree = "<group>"; };
		03EDA931210487EA006CCB67 /* Assets.xcassets */ = {isa = PBXFileReference; lastKnownFileType = folder.assetcatalog; path = Assets.xcassets; sourceTree = "<group>"; };
		03EDA934210487EA006CCB67 /* Base */ = {isa = PBXFileReference; lastKnownFileType = file.storyboard; name = Base; path = Base.lproj/LaunchScreen.storyboard; sourceTree = "<group>"; };
		03EDA936210487EA006CCB67 /* Info.plist */ = {isa = PBXFileReference; lastKnownFileType = text.plist.xml; path = Info.plist; sourceTree = "<group>"; };
		03EDA937210487EA006CCB67 /* main.m */ = {isa = PBXFileReference; lastKnownFileType = sourcecode.c.objc; path = main.m; sourceTree = "<group>"; };
		03EDA93D210487EA006CCB67 /* OCleanupTests.xctest */ = {isa = PBXFileReference; explicitFileType = wrapper.cfbundle; includeInIndex = 0; path = OCleanupTests.xctest; sourceTree = BUILT_PRODUCTS_DIR; };
		03EDA941210487EA006CCB67 /* OCleanupTests.m */ = {isa = PBXFileReference; lastKnownFileType = sourcecode.c.objc; path = OCleanupTests.m; sourceTree = "<group>"; };
		03EDA943210487EA006CCB67 /* Info.plist */ = {isa = PBXFileReference; lastKnownFileType = text.plist.xml; path = Info.plist; sourceTree = "<group>"; };
		03EDA948210487EA006CCB67 /* OCleanupUITests.xctest */ = {isa = PBXFileReference; explicitFileType = wrapper.cfbundle; includeInIndex = 0; path = OCleanupUITests.xctest; sourceTree = BUILT_PRODUCTS_DIR; };
		03EDA94C210487EA006CCB67 /* OCleanupUITests.m */ = {isa = PBXFileReference; lastKnownFileType = sourcecode.c.objc; path = OCleanupUITests.m; sourceTree = "<group>"; };
		03EDA94E210487EA006CCB67 /* Info.plist */ = {isa = PBXFileReference; lastKnownFileType = text.plist.xml; path = Info.plist; sourceTree = "<group>"; };
		03EDA95A21061D2C006CCB67 /* BasicTabBarController.h */ = {isa = PBXFileReference; lastKnownFileType = sourcecode.c.h; path = BasicTabBarController.h; sourceTree = "<group>"; };
		03EDA95B21061D2C006CCB67 /* BasicTabBarController.m */ = {isa = PBXFileReference; lastKnownFileType = sourcecode.c.objc; path = BasicTabBarController.m; sourceTree = "<group>"; };
		03EDA95D21061D7A006CCB67 /* BasicTabBar.h */ = {isa = PBXFileReference; lastKnownFileType = sourcecode.c.h; path = BasicTabBar.h; sourceTree = "<group>"; };
		03EDA95E21061D7A006CCB67 /* BasicTabBar.m */ = {isa = PBXFileReference; lastKnownFileType = sourcecode.c.objc; path = BasicTabBar.m; sourceTree = "<group>"; };
		03EDA96621078132006CCB67 /* HomeViewController.h */ = {isa = PBXFileReference; lastKnownFileType = sourcecode.c.h; path = HomeViewController.h; sourceTree = "<group>"; };
		03EDA96721078132006CCB67 /* HomeViewController.m */ = {isa = PBXFileReference; lastKnownFileType = sourcecode.c.objc; path = HomeViewController.m; sourceTree = "<group>"; };
		03EDA976210E084D006CCB67 /* ActivityCollectionViewCell.h */ = {isa = PBXFileReference; lastKnownFileType = sourcecode.c.h; path = ActivityCollectionViewCell.h; sourceTree = "<group>"; };
		03EDA977210E084D006CCB67 /* ActivityCollectionViewCell.m */ = {isa = PBXFileReference; lastKnownFileType = sourcecode.c.objc; path = ActivityCollectionViewCell.m; sourceTree = "<group>"; };
		03EDA979210E0F41006CCB67 /* ActivityCollectionViewController.h */ = {isa = PBXFileReference; lastKnownFileType = sourcecode.c.h; path = ActivityCollectionViewController.h; sourceTree = "<group>"; };
		03EDA97A210E0F41006CCB67 /* ActivityCollectionViewController.m */ = {isa = PBXFileReference; lastKnownFileType = sourcecode.c.objc; path = ActivityCollectionViewController.m; sourceTree = "<group>"; };
		03EDA97D210E11CD006CCB67 /* ActivityViewController.h */ = {isa = PBXFileReference; lastKnownFileType = sourcecode.c.h; path = ActivityViewController.h; sourceTree = "<group>"; };
		03EDA97E210E11CD006CCB67 /* ActivityViewController.m */ = {isa = PBXFileReference; lastKnownFileType = sourcecode.c.objc; path = ActivityViewController.m; sourceTree = "<group>"; };
		03EDA983211347E4006CCB67 /* ActivityInfoData.h */ = {isa = PBXFileReference; lastKnownFileType = sourcecode.c.h; path = ActivityInfoData.h; sourceTree = "<group>"; };
		03EDA984211347E4006CCB67 /* ActivityInfoData.m */ = {isa = PBXFileReference; lastKnownFileType = sourcecode.c.objc; path = ActivityInfoData.m; sourceTree = "<group>"; };
		06A86E4FDEF2DEE726BCFA4A /* libPods-OCleanup.a */ = {isa = PBXFileReference; explicitFileType = archive.ar; includeInIndex = 0; path = "libPods-OCleanup.a"; sourceTree = BUILT_PRODUCTS_DIR; };
		1762A64EF4B9E5F8E9348965 /* Pods-OCleanupUITests.release.xcconfig */ = {isa = PBXFileReference; includeInIndex = 1; lastKnownFileType = text.xcconfig; name = "Pods-OCleanupUITests.release.xcconfig"; path = "Pods/Target Support Files/Pods-OCleanupUITests/Pods-OCleanupUITests.release.xcconfig"; sourceTree = "<group>"; };
		5EDE64237F268D618CE4F0D8 /* Pods-OCleanupTests.release.xcconfig */ = {isa = PBXFileReference; includeInIndex = 1; lastKnownFileType = text.xcconfig; name = "Pods-OCleanupTests.release.xcconfig"; path = "Pods/Target Support Files/Pods-OCleanupTests/Pods-OCleanupTests.release.xcconfig"; sourceTree = "<group>"; };
		682FE61A4080DF33375E4EFA /* Pods-OCleanupTests.debug.xcconfig */ = {isa = PBXFileReference; includeInIndex = 1; lastKnownFileType = text.xcconfig; name = "Pods-OCleanupTests.debug.xcconfig"; path = "Pods/Target Support Files/Pods-OCleanupTests/Pods-OCleanupTests.debug.xcconfig"; sourceTree = "<group>"; };
		7737802089BE29FD197249EC /* libPods-OCleanupUITests.a */ = {isa = PBXFileReference; explicitFileType = archive.ar; includeInIndex = 0; path = "libPods-OCleanupUITests.a"; sourceTree = BUILT_PRODUCTS_DIR; };
		78823AA0E9572C47E48151CA /* libPods-OCleanupTests.a */ = {isa = PBXFileReference; explicitFileType = archive.ar; includeInIndex = 0; path = "libPods-OCleanupTests.a"; sourceTree = BUILT_PRODUCTS_DIR; };
		9602CB67A420C0565E6E6235 /* Pods-OCleanup.release.xcconfig */ = {isa = PBXFileReference; includeInIndex = 1; lastKnownFileType = text.xcconfig; name = "Pods-OCleanup.release.xcconfig"; path = "Pods/Target Support Files/Pods-OCleanup/Pods-OCleanup.release.xcconfig"; sourceTree = "<group>"; };
		A99DA1D37636CBD620600E1E /* Pods-OCleanup.debug.xcconfig */ = {isa = PBXFileReference; includeInIndex = 1; lastKnownFileType = text.xcconfig; name = "Pods-OCleanup.debug.xcconfig"; path = "Pods/Target Support Files/Pods-OCleanup/Pods-OCleanup.debug.xcconfig"; sourceTree = "<group>"; };
		D028550284F5FD89D4C50C79 /* Pods-OCleanupUITests.debug.xcconfig */ = {isa = PBXFileReference; includeInIndex = 1; lastKnownFileType = text.xcconfig; name = "Pods-OCleanupUITests.debug.xcconfig"; path = "Pods/Target Support Files/Pods-OCleanupUITests/Pods-OCleanupUITests.debug.xcconfig"; sourceTree = "<group>"; };
/* End PBXFileReference section */

/* Begin PBXFrameworksBuildPhase section */
		03EDA922210487EA006CCB67 /* Frameworks */ = {
			isa = PBXFrameworksBuildPhase;
			buildActionMask = 2147483647;
			files = (
				54FF5F08EF24C11C9AD4C9DF /* libPods-OCleanup.a in Frameworks */,
			);
			runOnlyForDeploymentPostprocessing = 0;
		};
		03EDA93A210487EA006CCB67 /* Frameworks */ = {
			isa = PBXFrameworksBuildPhase;
			buildActionMask = 2147483647;
			files = (
				7B1E3F0215D3B0E5A361DBC5 /* libPods-OCleanupTests.a in Frameworks */,
			);
			runOnlyForDeploymentPostprocessing = 0;
		};
		03EDA945210487EA006CCB67 /* Frameworks */ = {
			isa = PBXFrameworksBuildPhase;
			buildActionMask = 2147483647;
			files = (
				B1E4DA63D1172DE4888D6D43 /* libPods-OCleanupUITests.a in Frameworks */,
			);
			runOnlyForDeploymentPostprocessing = 0;
		};
/* End PBXFrameworksBuildPhase section */

/* Begin PBXGroup section */
		030731A92123401E0037093E /* BasicTabBar */ = {
			isa = PBXGroup;
			children = (
				03EDA95A21061D2C006CCB67 /* BasicTabBarController.h */,
				03EDA95B21061D2C006CCB67 /* BasicTabBarController.m */,
				03EDA95D21061D7A006CCB67 /* BasicTabBar.h */,
				03EDA95E21061D7A006CCB67 /* BasicTabBar.m */,
			);
			path = BasicTabBar;
			sourceTree = "<group>";
		};
		030731AA212340320037093E /* TicketPage */ = {
			isa = PBXGroup;
			children = (
				030731EE21246D610037093E /* TicketsCollectionViewController.h */,
				030731EF21246D610037093E /* TicketsCollectionViewController.m */,
				030731F12124716B0037093E /* TicketsCollectionViewFlowLayout.h */,
				030731F22124716B0037093E /* TicketsCollectionViewFlowLayout.m */,
				030731F4212482DB0037093E /* TicketsCollectionViewCell.h */,
				030731F5212482DB0037093E /* TicketsCollectionViewCell.m */,
				030731FA212496F00037093E /* TicketsCollectionViewCell.xib */,
			);
			path = TicketPage;
			sourceTree = "<group>";
		};
		030732052127A5010037093E /* NoticePage */ = {
			isa = PBXGroup;
			children = (
				030731FF2127A4DF0037093E /* NoticeTableViewController.h */,
				030732002127A4E00037093E /* NoticeTableViewController.m */,
				030732082127AFD00037093E /* NoticeTableViewCell.h */,
				030732092127AFD00037093E /* NoticeTableViewCell.m */,
				0307320A2127AFD00037093E /* NoticeTableViewCell.xib */,
			);
			path = NoticePage;
			sourceTree = "<group>";
		};
		033C5E902130E047006666A1 /* Manager */ = {
			isa = PBXGroup;
			children = (
				033C5E912130E769006666A1 /* AuthorizedManager.h */,
				033C5E922130E769006666A1 /* AuthorizedManager.m */,
			);
			path = Manager;
			sourceTree = "<group>";
		};
		033C5E942131D776006666A1 /* Repository */ = {
			isa = PBXGroup;
			children = (
				033C5E952131D7A6006666A1 /* AccountRepository.h */,
				033C5E962131D7A6006666A1 /* AccountRepository.m */,
			);
			path = Repository;
			sourceTree = "<group>";
		};
		033C5E9921323C79006666A1 /* Model */ = {
			isa = PBXGroup;
			children = (
				033C5E9D2132656C006666A1 /* AccountInfoModel.h */,
				033C5E9E2132656C006666A1 /* AccountInfoModel.m */,
			);
			path = Model;
			sourceTree = "<group>";
		};
		034A2646212B1CFA00B0BCAD /* SettingPage */ = {
			isa = PBXGroup;
			children = (
				033C5EA021326E5E006666A1 /* SettingsTableViewController.h */,
				033C5EA121326E5E006666A1 /* SettingsTableViewController.m */,
				034A2643212B1CE200B0BCAD /* AccountInfoTableViewController.h */,
				034A2644212B1CE200B0BCAD /* AccountInfoTableViewController.m */,
				034A2647212B1D4200B0BCAD /* AccountInfoDetailTableViewCell.h */,
				034A2648212B1D4200B0BCAD /* AccountInfoDetailTableViewCell.m */,
				034A2649212B1D4200B0BCAD /* AccountInfoDetailTableViewCell.xib */,
				034A264C212B1D8500B0BCAD /* AccountImageTableViewCell.h */,
				034A264D212B1D8500B0BCAD /* AccountImageTableViewCell.m */,
				034A264E212B1D8500B0BCAD /* AccountImageTableViewCell.xib */,
			);
			path = SettingPage;
			sourceTree = "<group>";
		};
		034A2654212B397700B0BCAD /* LoginPage */ = {
			isa = PBXGroup;
			children = (
				034A2655212B39C900B0BCAD /* LoginViewController.h */,
				034A2656212B39C900B0BCAD /* LoginViewController.m */,
				034A2658212B39E900B0BCAD /* RegisteredViewController.h */,
				034A2659212B39E900B0BCAD /* RegisteredViewController.m */,
				034A2651212B396000B0BCAD /* LoginPage.storyboard */,
			);
			path = LoginPage;
			sourceTree = "<group>";
		};
		03EC2608213AAC2900118EEA /* Tools */ = {
			isa = PBXGroup;
			children = (
				03EC2605213A9D6600118EEA /* LoadingView.h */,
				03EC2606213A9D6600118EEA /* LoadingView.m */,
				03EC2603213A9CB800118EEA /* LoadingView.xib */,
			);
			name = Tools;
			path = "New Group";
			sourceTree = "<group>";
		};
		03EDA91C210487EA006CCB67 = {
			isa = PBXGroup;
			children = (
				03EDA927210487EA006CCB67 /* OCleanup */,
				03EDA940210487EA006CCB67 /* OCleanupTests */,
				03EDA94B210487EA006CCB67 /* OCleanupUITests */,
				03EDA926210487EA006CCB67 /* Products */,
				F9399A4EC8DC2F6B9C53FF13 /* Pods */,
				7597DA06F5726320D1090F29 /* Frameworks */,
			);
			sourceTree = "<group>";
		};
		03EDA926210487EA006CCB67 /* Products */ = {
			isa = PBXGroup;
			children = (
				03EDA925210487EA006CCB67 /* OCleanup.app */,
				03EDA93D210487EA006CCB67 /* OCleanupTests.xctest */,
				03EDA948210487EA006CCB67 /* OCleanupUITests.xctest */,
			);
			name = Products;
			sourceTree = "<group>";
		};
		03EDA927210487EA006CCB67 /* OCleanup */ = {
			isa = PBXGroup;
			children = (
				03EDA928210487EA006CCB67 /* AppDelegate.h */,
				03EDA929210487EA006CCB67 /* AppDelegate.m */,
				03EDA986211347F2006CCB67 /* Data */,
				033C5E942131D776006666A1 /* Repository */,
				033C5E9921323C79006666A1 /* Model */,
				033C5E902130E047006666A1 /* Manager */,
				03EDA9872113482A006CCB67 /* Animation */,
				03EDA98921135801006CCB67 /* ViewController */,
				03EDA92E210487EA006CCB67 /* Main.storyboard */,
				03EDA931210487EA006CCB67 /* Assets.xcassets */,
				03EDA933210487EA006CCB67 /* LaunchScreen.storyboard */,
				03EDA936210487EA006CCB67 /* Info.plist */,
				033C5E8B212C5F64006666A1 /* GoogleService-Info.plist */,
				03EDA937210487EA006CCB67 /* main.m */,
			);
			path = OCleanup;
			sourceTree = "<group>";
		};
		03EDA940210487EA006CCB67 /* OCleanupTests */ = {
			isa = PBXGroup;
			children = (
				03EDA941210487EA006CCB67 /* OCleanupTests.m */,
				03EDA943210487EA006CCB67 /* Info.plist */,
			);
			path = OCleanupTests;
			sourceTree = "<group>";
		};
		03EDA94B210487EA006CCB67 /* OCleanupUITests */ = {
			isa = PBXGroup;
			children = (
				03EDA94C210487EA006CCB67 /* OCleanupUITests.m */,
				03EDA94E210487EA006CCB67 /* Info.plist */,
			);
			path = OCleanupUITests;
			sourceTree = "<group>";
		};
		03EDA97C210E0FBE006CCB67 /* ActivityPage */ = {
			isa = PBXGroup;
			children = (
				03EDA979210E0F41006CCB67 /* ActivityCollectionViewController.h */,
				03EDA97A210E0F41006CCB67 /* ActivityCollectionViewController.m */,
				034A260A2128096F00B0BCAD /* ActivityCollectionViewFlowLayout.h */,
				034A260B2128096F00B0BCAD /* ActivityCollectionViewFlowLayout.m */,
				03EDA976210E084D006CCB67 /* ActivityCollectionViewCell.h */,
				03EDA977210E084D006CCB67 /* ActivityCollectionViewCell.m */,
				03EDA97D210E11CD006CCB67 /* ActivityViewController.h */,
				03EDA97E210E11CD006CCB67 /* ActivityViewController.m */,
				031859D5211FF4120038ED56 /* ActivityMainInfoView.h */,
				031859D6211FF4120038ED56 /* ActivityMainInfoView.m */,
				031859D8211FF4210038ED56 /* ActivityMainInfoView.xib */,
			);
			path = ActivityPage;
			sourceTree = "<group>";
		};
		03EDA986211347F2006CCB67 /* Data */ = {
			isa = PBXGroup;
			children = (
				03EDA983211347E4006CCB67 /* ActivityInfoData.h */,
				03EDA984211347E4006CCB67 /* ActivityInfoData.m */,
				030731F72124871D0037093E /* TicketsData.h */,
				030731F82124871D0037093E /* TicketsData.m */,
				0307320D2127B0020037093E /* NoticeData.h */,
				0307320E2127B0020037093E /* NoticeData.m */,
			);
			path = Data;
			sourceTree = "<group>";
		};
		03EDA9872113482A006CCB67 /* Animation */ = {
			isa = PBXGroup;
			children = (
				031859CB211FC8250038ED56 /* ActivityViewPresentAnimation.h */,
				031859CC211FC8250038ED56 /* ActivityViewPresentAnimation.m */,
				031859C8211FC7050038ED56 /* ActivityViewDismissAnimation.h */,
				031859C9211FC7050038ED56 /* ActivityViewDismissAnimation.m */,
				031859C5211CA7AF0038ED56 /* ActivityViewPresentationController.h */,
				031859C6211CA7AF0038ED56 /* ActivityViewPresentationController.m */,
			);
			path = Animation;
			sourceTree = "<group>";
		};
		03EDA98921135801006CCB67 /* ViewController */ = {
			isa = PBXGroup;
			children = (
				03EC2608213AAC2900118EEA /* Tools */,
				030731A92123401E0037093E /* BasicTabBar */,
				03EDA97C210E0FBE006CCB67 /* ActivityPage */,
				030731AA212340320037093E /* TicketPage */,
				030732052127A5010037093E /* NoticePage */,
				034A2646212B1CFA00B0BCAD /* SettingPage */,
				034A2654212B397700B0BCAD /* LoginPage */,
				03EDA96621078132006CCB67 /* HomeViewController.h */,
				03EDA96721078132006CCB67 /* HomeViewController.m */,
			);
			path = ViewController;
			sourceTree = "<group>";
		};
		7597DA06F5726320D1090F29 /* Frameworks */ = {
			isa = PBXGroup;
			children = (
				06A86E4FDEF2DEE726BCFA4A /* libPods-OCleanup.a */,
				78823AA0E9572C47E48151CA /* libPods-OCleanupTests.a */,
				7737802089BE29FD197249EC /* libPods-OCleanupUITests.a */,
			);
			name = Frameworks;
			sourceTree = "<group>";
		};
		F9399A4EC8DC2F6B9C53FF13 /* Pods */ = {
			isa = PBXGroup;
			children = (
				A99DA1D37636CBD620600E1E /* Pods-OCleanup.debug.xcconfig */,
				9602CB67A420C0565E6E6235 /* Pods-OCleanup.release.xcconfig */,
				682FE61A4080DF33375E4EFA /* Pods-OCleanupTests.debug.xcconfig */,
				5EDE64237F268D618CE4F0D8 /* Pods-OCleanupTests.release.xcconfig */,
				D028550284F5FD89D4C50C79 /* Pods-OCleanupUITests.debug.xcconfig */,
				1762A64EF4B9E5F8E9348965 /* Pods-OCleanupUITests.release.xcconfig */,
			);
			name = Pods;
			sourceTree = "<group>";
		};
/* End PBXGroup section */

/* Begin PBXNativeTarget section */
		03EDA924210487EA006CCB67 /* OCleanup */ = {
			isa = PBXNativeTarget;
			buildConfigurationList = 03EDA951210487EA006CCB67 /* Build configuration list for PBXNativeTarget "OCleanup" */;
			buildPhases = (
				E9BA8DE5625ED010069C09B1 /* [CP] Check Pods Manifest.lock */,
				03EDA921210487EA006CCB67 /* Sources */,
				03EDA922210487EA006CCB67 /* Frameworks */,
				03EDA923210487EA006CCB67 /* Resources */,
				AEFB4932E91675CA234F7A5E /* [CP] Copy Pods Resources */,
			);
			buildRules = (
			);
			dependencies = (
			);
			name = OCleanup;
			productName = OCleanup;
			productReference = 03EDA925210487EA006CCB67 /* OCleanup.app */;
			productType = "com.apple.product-type.application";
		};
		03EDA93C210487EA006CCB67 /* OCleanupTests */ = {
			isa = PBXNativeTarget;
			buildConfigurationList = 03EDA954210487EA006CCB67 /* Build configuration list for PBXNativeTarget "OCleanupTests" */;
			buildPhases = (
				B623C177511952C4B92196C2 /* [CP] Check Pods Manifest.lock */,
				03EDA939210487EA006CCB67 /* Sources */,
				03EDA93A210487EA006CCB67 /* Frameworks */,
				03EDA93B210487EA006CCB67 /* Resources */,
			);
			buildRules = (
			);
			dependencies = (
				03EDA93F210487EA006CCB67 /* PBXTargetDependency */,
			);
			name = OCleanupTests;
			productName = OCleanupTests;
			productReference = 03EDA93D210487EA006CCB67 /* OCleanupTests.xctest */;
			productType = "com.apple.product-type.bundle.unit-test";
		};
		03EDA947210487EA006CCB67 /* OCleanupUITests */ = {
			isa = PBXNativeTarget;
			buildConfigurationList = 03EDA957210487EA006CCB67 /* Build configuration list for PBXNativeTarget "OCleanupUITests" */;
			buildPhases = (
				A3AB9BB14DDC57FF1D79F17A /* [CP] Check Pods Manifest.lock */,
				03EDA944210487EA006CCB67 /* Sources */,
				03EDA945210487EA006CCB67 /* Frameworks */,
				03EDA946210487EA006CCB67 /* Resources */,
			);
			buildRules = (
			);
			dependencies = (
				03EDA94A210487EA006CCB67 /* PBXTargetDependency */,
			);
			name = OCleanupUITests;
			productName = OCleanupUITests;
			productReference = 03EDA948210487EA006CCB67 /* OCleanupUITests.xctest */;
			productType = "com.apple.product-type.bundle.ui-testing";
		};
/* End PBXNativeTarget section */

/* Begin PBXProject section */
		03EDA91D210487EA006CCB67 /* Project object */ = {
			isa = PBXProject;
			attributes = {
				LastUpgradeCheck = 0920;
				ORGANIZATIONNAME = JoshLin;
				TargetAttributes = {
					03EDA924210487EA006CCB67 = {
						CreatedOnToolsVersion = 9.2;
						ProvisioningStyle = Automatic;
					};
					03EDA93C210487EA006CCB67 = {
						CreatedOnToolsVersion = 9.2;
						ProvisioningStyle = Automatic;
						TestTargetID = 03EDA924210487EA006CCB67;
					};
					03EDA947210487EA006CCB67 = {
						CreatedOnToolsVersion = 9.2;
						ProvisioningStyle = Automatic;
						TestTargetID = 03EDA924210487EA006CCB67;
					};
				};
			};
			buildConfigurationList = 03EDA920210487EA006CCB67 /* Build configuration list for PBXProject "OCleanup" */;
			compatibilityVersion = "Xcode 8.0";
			developmentRegion = en;
			hasScannedForEncodings = 0;
			knownRegions = (
				en,
				Base,
			);
			mainGroup = 03EDA91C210487EA006CCB67;
			productRefGroup = 03EDA926210487EA006CCB67 /* Products */;
			projectDirPath = "";
			projectRoot = "";
			targets = (
				03EDA924210487EA006CCB67 /* OCleanup */,
				03EDA93C210487EA006CCB67 /* OCleanupTests */,
				03EDA947210487EA006CCB67 /* OCleanupUITests */,
			);
		};
/* End PBXProject section */

/* Begin PBXResourcesBuildPhase section */
		03EDA923210487EA006CCB67 /* Resources */ = {
			isa = PBXResourcesBuildPhase;
			buildActionMask = 2147483647;
			files = (
				03EDA935210487EA006CCB67 /* LaunchScreen.storyboard in Resources */,
				030731FB212496F00037093E /* TicketsCollectionViewCell.xib in Resources */,
				03EDA932210487EA006CCB67 /* Assets.xcassets in Resources */,
				034A264B212B1D4200B0BCAD /* AccountInfoDetailTableViewCell.xib in Resources */,
				031859D9211FF4210038ED56 /* ActivityMainInfoView.xib in Resources */,
				034A2653212B396000B0BCAD /* LoginPage.storyboard in Resources */,
				03EDA930210487EA006CCB67 /* Main.storyboard in Resources */,
				033C5E8C212C5F64006666A1 /* GoogleService-Info.plist in Resources */,
				034A2650212B1D8500B0BCAD /* AccountImageTableViewCell.xib in Resources */,
				03EC2604213A9CB800118EEA /* LoadingView.xib in Resources */,
				0307320C2127AFD00037093E /* NoticeTableViewCell.xib in Resources */,
			);
			runOnlyForDeploymentPostprocessing = 0;
		};
		03EDA93B210487EA006CCB67 /* Resources */ = {
			isa = PBXResourcesBuildPhase;
			buildActionMask = 2147483647;
			files = (
			);
			runOnlyForDeploymentPostprocessing = 0;
		};
		03EDA946210487EA006CCB67 /* Resources */ = {
			isa = PBXResourcesBuildPhase;
			buildActionMask = 2147483647;
			files = (
			);
			runOnlyForDeploymentPostprocessing = 0;
		};
/* End PBXResourcesBuildPhase section */

/* Begin PBXShellScriptBuildPhase section */
		A3AB9BB14DDC57FF1D79F17A /* [CP] Check Pods Manifest.lock */ = {
			isa = PBXShellScriptBuildPhase;
			buildActionMask = 2147483647;
			files = (
			);
			inputPaths = (
				"${PODS_PODFILE_DIR_PATH}/Podfile.lock",
				"${PODS_ROOT}/Manifest.lock",
			);
			name = "[CP] Check Pods Manifest.lock";
			outputPaths = (
				"$(DERIVED_FILE_DIR)/Pods-OCleanupUITests-checkManifestLockResult.txt",
			);
			runOnlyForDeploymentPostprocessing = 0;
			shellPath = /bin/sh;
			shellScript = "diff \"${PODS_PODFILE_DIR_PATH}/Podfile.lock\" \"${PODS_ROOT}/Manifest.lock\" > /dev/null\nif [ $? != 0 ] ; then\n    # print error to STDERR\n    echo \"error: The sandbox is not in sync with the Podfile.lock. Run 'pod install' or update your CocoaPods installation.\" >&2\n    exit 1\nfi\n# This output is used by Xcode 'outputs' to avoid re-running this script phase.\necho \"SUCCESS\" > \"${SCRIPT_OUTPUT_FILE_0}\"\n";
			showEnvVarsInLog = 0;
		};
		AEFB4932E91675CA234F7A5E /* [CP] Copy Pods Resources */ = {
			isa = PBXShellScriptBuildPhase;
			buildActionMask = 2147483647;
			files = (
			);
			inputPaths = (
				"${SRCROOT}/Pods/Target Support Files/Pods-OCleanup/Pods-OCleanup-resources.sh",
				"${PODS_ROOT}/FBSDKCoreKit/FacebookSDKStrings.bundle",
				"${PODS_ROOT}/GTMOAuth2/Source/Touch/GTMOAuth2ViewTouch.xib",
				"${PODS_ROOT}/GoogleSignIn/Resources/GoogleSignIn.bundle",
			);
			name = "[CP] Copy Pods Resources";
			outputPaths = (
				"${TARGET_BUILD_DIR}/${UNLOCALIZED_RESOURCES_FOLDER_PATH}/FacebookSDKStrings.bundle",
				"${TARGET_BUILD_DIR}/${UNLOCALIZED_RESOURCES_FOLDER_PATH}/GTMOAuth2ViewTouch.nib",
				"${TARGET_BUILD_DIR}/${UNLOCALIZED_RESOURCES_FOLDER_PATH}/GoogleSignIn.bundle",
			);
			runOnlyForDeploymentPostprocessing = 0;
			shellPath = /bin/sh;
			shellScript = "\"${SRCROOT}/Pods/Target Support Files/Pods-OCleanup/Pods-OCleanup-resources.sh\"\n";
			showEnvVarsInLog = 0;
		};
		B623C177511952C4B92196C2 /* [CP] Check Pods Manifest.lock */ = {
			isa = PBXShellScriptBuildPhase;
			buildActionMask = 2147483647;
			files = (
			);
			inputPaths = (
				"${PODS_PODFILE_DIR_PATH}/Podfile.lock",
				"${PODS_ROOT}/Manifest.lock",
			);
			name = "[CP] Check Pods Manifest.lock";
			outputPaths = (
				"$(DERIVED_FILE_DIR)/Pods-OCleanupTests-checkManifestLockResult.txt",
			);
			runOnlyForDeploymentPostprocessing = 0;
			shellPath = /bin/sh;
			shellScript = "diff \"${PODS_PODFILE_DIR_PATH}/Podfile.lock\" \"${PODS_ROOT}/Manifest.lock\" > /dev/null\nif [ $? != 0 ] ; then\n    # print error to STDERR\n    echo \"error: The sandbox is not in sync with the Podfile.lock. Run 'pod install' or update your CocoaPods installation.\" >&2\n    exit 1\nfi\n# This output is used by Xcode 'outputs' to avoid re-running this script phase.\necho \"SUCCESS\" > \"${SCRIPT_OUTPUT_FILE_0}\"\n";
			showEnvVarsInLog = 0;
		};
		E9BA8DE5625ED010069C09B1 /* [CP] Check Pods Manifest.lock */ = {
			isa = PBXShellScriptBuildPhase;
			buildActionMask = 2147483647;
			files = (
			);
			inputPaths = (
				"${PODS_PODFILE_DIR_PATH}/Podfile.lock",
				"${PODS_ROOT}/Manifest.lock",
			);
			name = "[CP] Check Pods Manifest.lock";
			outputPaths = (
				"$(DERIVED_FILE_DIR)/Pods-OCleanup-checkManifestLockResult.txt",
			);
			runOnlyForDeploymentPostprocessing = 0;
			shellPath = /bin/sh;
			shellScript = "diff \"${PODS_PODFILE_DIR_PATH}/Podfile.lock\" \"${PODS_ROOT}/Manifest.lock\" > /dev/null\nif [ $? != 0 ] ; then\n    # print error to STDERR\n    echo \"error: The sandbox is not in sync with the Podfile.lock. Run 'pod install' or update your CocoaPods installation.\" >&2\n    exit 1\nfi\n# This output is used by Xcode 'outputs' to avoid re-running this script phase.\necho \"SUCCESS\" > \"${SCRIPT_OUTPUT_FILE_0}\"\n";
			showEnvVarsInLog = 0;
		};
/* End PBXShellScriptBuildPhase section */

/* Begin PBXSourcesBuildPhase section */
		03EDA921210487EA006CCB67 /* Sources */ = {
			isa = PBXSourcesBuildPhase;
			buildActionMask = 2147483647;
			files = (
				033C5E932130E769006666A1 /* AuthorizedManager.m in Sources */,
				033C5E9F2132656C006666A1 /* AccountInfoModel.m in Sources */,
				030731F021246D610037093E /* TicketsCollectionViewController.m in Sources */,
				034A264A212B1D4200B0BCAD /* AccountInfoDetailTableViewCell.m in Sources */,
				034A2657212B39C900B0BCAD /* LoginViewController.m in Sources */,
				03EDA95C21061D2C006CCB67 /* BasicTabBarController.m in Sources */,
				034A2645212B1CE200B0BCAD /* AccountInfoTableViewController.m in Sources */,
				03EDA97F210E11CD006CCB67 /* ActivityViewController.m in Sources */,
				031859CD211FC8250038ED56 /* ActivityViewPresentAnimation.m in Sources */,
				0307320F2127B0020037093E /* NoticeData.m in Sources */,
				033C5E972131D7A6006666A1 /* AccountRepository.m in Sources */,
				03EDA938210487EA006CCB67 /* main.m in Sources */,
				033C5EA221326E5E006666A1 /* SettingsTableViewController.m in Sources */,
				030731F92124871D0037093E /* TicketsData.m in Sources */,
				030731F6212482DB0037093E /* TicketsCollectionViewCell.m in Sources */,
				034A260C2128096F00B0BCAD /* ActivityCollectionViewFlowLayout.m in Sources */,
				030731F32124716B0037093E /* TicketsCollectionViewFlowLayout.m in Sources */,
				03EDA95F21061D7A006CCB67 /* BasicTabBar.m in Sources */,
				034A264F212B1D8500B0BCAD /* AccountImageTableViewCell.m in Sources */,
				03EDA92A210487EA006CCB67 /* AppDelegate.m in Sources */,
				03EDA985211347E4006CCB67 /* ActivityInfoData.m in Sources */,
				03EDA96821078132006CCB67 /* HomeViewController.m in Sources */,
				030732012127A4E00037093E /* NoticeTableViewController.m in Sources */,
				0307320B2127AFD00037093E /* NoticeTableViewCell.m in Sources */,
				031859D7211FF4120038ED56 /* ActivityMainInfoView.m in Sources */,
				03EDA978210E084D006CCB67 /* ActivityCollectionViewCell.m in Sources */,
				034A265A212B39E900B0BCAD /* RegisteredViewController.m in Sources */,
				03EC2607213A9D6600118EEA /* LoadingView.m in Sources */,
				031859C7211CA7AF0038ED56 /* ActivityViewPresentationController.m in Sources */,
				031859CA211FC7050038ED56 /* ActivityViewDismissAnimation.m in Sources */,
				03EDA97B210E0F41006CCB67 /* ActivityCollectionViewController.m in Sources */,
			);
			runOnlyForDeploymentPostprocessing = 0;
		};
		03EDA939210487EA006CCB67 /* Sources */ = {
			isa = PBXSourcesBuildPhase;
			buildActionMask = 2147483647;
			files = (
				03EDA942210487EA006CCB67 /* OCleanupTests.m in Sources */,
			);
			runOnlyForDeploymentPostprocessing = 0;
		};
		03EDA944210487EA006CCB67 /* Sources */ = {
			isa = PBXSourcesBuildPhase;
			buildActionMask = 2147483647;
			files = (
				03EDA94D210487EA006CCB67 /* OCleanupUITests.m in Sources */,
			);
			runOnlyForDeploymentPostprocessing = 0;
		};
/* End PBXSourcesBuildPhase section */

/* Begin PBXTargetDependency section */
		03EDA93F210487EA006CCB67 /* PBXTargetDependency */ = {
			isa = PBXTargetDependency;
			target = 03EDA924210487EA006CCB67 /* OCleanup */;
			targetProxy = 03EDA93E210487EA006CCB67 /* PBXContainerItemProxy */;
		};
		03EDA94A210487EA006CCB67 /* PBXTargetDependency */ = {
			isa = PBXTargetDependency;
			target = 03EDA924210487EA006CCB67 /* OCleanup */;
			targetProxy = 03EDA949210487EA006CCB67 /* PBXContainerItemProxy */;
		};
/* End PBXTargetDependency section */

/* Begin PBXVariantGroup section */
		034A2651212B396000B0BCAD /* LoginPage.storyboard */ = {
			isa = PBXVariantGroup;
			children = (
				034A2652212B396000B0BCAD /* Base */,
			);
			name = LoginPage.storyboard;
			sourceTree = "<group>";
		};
		03EDA92E210487EA006CCB67 /* Main.storyboard */ = {
			isa = PBXVariantGroup;
			children = (
				03EDA92F210487EA006CCB67 /* Base */,
			);
			name = Main.storyboard;
			sourceTree = "<group>";
		};
		03EDA933210487EA006CCB67 /* LaunchScreen.storyboard */ = {
			isa = PBXVariantGroup;
			children = (
				03EDA934210487EA006CCB67 /* Base */,
			);
			name = LaunchScreen.storyboard;
			sourceTree = "<group>";
		};
/* End PBXVariantGroup section */

/* Begin XCBuildConfiguration section */
		03EDA94F210487EA006CCB67 /* Debug */ = {
			isa = XCBuildConfiguration;
			buildSettings = {
				ALWAYS_SEARCH_USER_PATHS = NO;
				CLANG_ANALYZER_NONNULL = YES;
				CLANG_ANALYZER_NUMBER_OBJECT_CONVERSION = YES_AGGRESSIVE;
				CLANG_CXX_LANGUAGE_STANDARD = "gnu++14";
				CLANG_CXX_LIBRARY = "libc++";
				CLANG_ENABLE_MODULES = YES;
				CLANG_ENABLE_OBJC_ARC = YES;
				CLANG_WARN_BLOCK_CAPTURE_AUTORELEASING = YES;
				CLANG_WARN_BOOL_CONVERSION = YES;
				CLANG_WARN_COMMA = YES;
				CLANG_WARN_CONSTANT_CONVERSION = YES;
				CLANG_WARN_DIRECT_OBJC_ISA_USAGE = YES_ERROR;
				CLANG_WARN_DOCUMENTATION_COMMENTS = YES;
				CLANG_WARN_EMPTY_BODY = YES;
				CLANG_WARN_ENUM_CONVERSION = YES;
				CLANG_WARN_INFINITE_RECURSION = YES;
				CLANG_WARN_INT_CONVERSION = YES;
				CLANG_WARN_NON_LITERAL_NULL_CONVERSION = YES;
				CLANG_WARN_OBJC_LITERAL_CONVERSION = YES;
				CLANG_WARN_OBJC_ROOT_CLASS = YES_ERROR;
				CLANG_WARN_RANGE_LOOP_ANALYSIS = YES;
				CLANG_WARN_STRICT_PROTOTYPES = YES;
				CLANG_WARN_SUSPICIOUS_MOVE = YES;
				CLANG_WARN_UNGUARDED_AVAILABILITY = YES_AGGRESSIVE;
				CLANG_WARN_UNREACHABLE_CODE = YES;
				CLANG_WARN__DUPLICATE_METHOD_MATCH = YES;
				CODE_SIGN_IDENTITY = "iPhone Developer";
				COPY_PHASE_STRIP = NO;
				DEBUG_INFORMATION_FORMAT = dwarf;
				ENABLE_STRICT_OBJC_MSGSEND = YES;
				ENABLE_TESTABILITY = YES;
				GCC_C_LANGUAGE_STANDARD = gnu11;
				GCC_DYNAMIC_NO_PIC = NO;
				GCC_NO_COMMON_BLOCKS = YES;
				GCC_OPTIMIZATION_LEVEL = 0;
				GCC_PREPROCESSOR_DEFINITIONS = (
					"DEBUG=1",
					"$(inherited)",
				);
				GCC_WARN_64_TO_32_BIT_CONVERSION = YES;
				GCC_WARN_ABOUT_RETURN_TYPE = YES_ERROR;
				GCC_WARN_UNDECLARED_SELECTOR = YES;
				GCC_WARN_UNINITIALIZED_AUTOS = YES_AGGRESSIVE;
				GCC_WARN_UNUSED_FUNCTION = YES;
				GCC_WARN_UNUSED_VARIABLE = YES;
				IPHONEOS_DEPLOYMENT_TARGET = 11.2;
				MTL_ENABLE_DEBUG_INFO = YES;
				ONLY_ACTIVE_ARCH = YES;
				SDKROOT = iphoneos;
			};
			name = Debug;
		};
		03EDA950210487EA006CCB67 /* Release */ = {
			isa = XCBuildConfiguration;
			buildSettings = {
				ALWAYS_SEARCH_USER_PATHS = NO;
				CLANG_ANALYZER_NONNULL = YES;
				CLANG_ANALYZER_NUMBER_OBJECT_CONVERSION = YES_AGGRESSIVE;
				CLANG_CXX_LANGUAGE_STANDARD = "gnu++14";
				CLANG_CXX_LIBRARY = "libc++";
				CLANG_ENABLE_MODULES = YES;
				CLANG_ENABLE_OBJC_ARC = YES;
				CLANG_WARN_BLOCK_CAPTURE_AUTORELEASING = YES;
				CLANG_WARN_BOOL_CONVERSION = YES;
				CLANG_WARN_COMMA = YES;
				CLANG_WARN_CONSTANT_CONVERSION = YES;
				CLANG_WARN_DIRECT_OBJC_ISA_USAGE = YES_ERROR;
				CLANG_WARN_DOCUMENTATION_COMMENTS = YES;
				CLANG_WARN_EMPTY_BODY = YES;
				CLANG_WARN_ENUM_CONVERSION = YES;
				CLANG_WARN_INFINITE_RECURSION = YES;
				CLANG_WARN_INT_CONVERSION = YES;
				CLANG_WARN_NON_LITERAL_NULL_CONVERSION = YES;
				CLANG_WARN_OBJC_LITERAL_CONVERSION = YES;
				CLANG_WARN_OBJC_ROOT_CLASS = YES_ERROR;
				CLANG_WARN_RANGE_LOOP_ANALYSIS = YES;
				CLANG_WARN_STRICT_PROTOTYPES = YES;
				CLANG_WARN_SUSPICIOUS_MOVE = YES;
				CLANG_WARN_UNGUARDED_AVAILABILITY = YES_AGGRESSIVE;
				CLANG_WARN_UNREACHABLE_CODE = YES;
				CLANG_WARN__DUPLICATE_METHOD_MATCH = YES;
				CODE_SIGN_IDENTITY = "iPhone Developer";
				COPY_PHASE_STRIP = NO;
				DEBUG_INFORMATION_FORMAT = "dwarf-with-dsym";
				ENABLE_NS_ASSERTIONS = NO;
				ENABLE_STRICT_OBJC_MSGSEND = YES;
				GCC_C_LANGUAGE_STANDARD = gnu11;
				GCC_NO_COMMON_BLOCKS = YES;
				GCC_WARN_64_TO_32_BIT_CONVERSION = YES;
				GCC_WARN_ABOUT_RETURN_TYPE = YES_ERROR;
				GCC_WARN_UNDECLARED_SELECTOR = YES;
				GCC_WARN_UNINITIALIZED_AUTOS = YES_AGGRESSIVE;
				GCC_WARN_UNUSED_FUNCTION = YES;
				GCC_WARN_UNUSED_VARIABLE = YES;
				IPHONEOS_DEPLOYMENT_TARGET = 11.2;
				MTL_ENABLE_DEBUG_INFO = NO;
				SDKROOT = iphoneos;
				VALIDATE_PRODUCT = YES;
			};
			name = Release;
		};
		03EDA952210487EA006CCB67 /* Debug */ = {
			isa = XCBuildConfiguration;
			baseConfigurationReference = A99DA1D37636CBD620600E1E /* Pods-OCleanup.debug.xcconfig */;
			buildSettings = {
				ASSETCATALOG_COMPILER_APPICON_NAME = AppIcon;
				CODE_SIGN_STYLE = Automatic;
				DEVELOPMENT_TEAM = DFHCXY3FVB;
				INFOPLIST_FILE = OCleanup/Info.plist;
				LD_RUNPATH_SEARCH_PATHS = "$(inherited) @executable_path/Frameworks";
				PRODUCT_BUNDLE_IDENTIFIER = com.JoshLin.OCleanup;
				PRODUCT_NAME = "$(TARGET_NAME)";
				TARGETED_DEVICE_FAMILY = "1,2";
			};
			name = Debug;
		};
		03EDA953210487EA006CCB67 /* Release */ = {
			isa = XCBuildConfiguration;
			baseConfigurationReference = 9602CB67A420C0565E6E6235 /* Pods-OCleanup.release.xcconfig */;
			buildSettings = {
				ASSETCATALOG_COMPILER_APPICON_NAME = AppIcon;
				CODE_SIGN_STYLE = Automatic;
				DEVELOPMENT_TEAM = DFHCXY3FVB;
				INFOPLIST_FILE = OCleanup/Info.plist;
				LD_RUNPATH_SEARCH_PATHS = "$(inherited) @executable_path/Frameworks";
				PRODUCT_BUNDLE_IDENTIFIER = com.JoshLin.OCleanup;
				PRODUCT_NAME = "$(TARGET_NAME)";
				TARGETED_DEVICE_FAMILY = "1,2";
			};
			name = Release;
		};
		03EDA955210487EA006CCB67 /* Debug */ = {
			isa = XCBuildConfiguration;
			baseConfigurationReference = 682FE61A4080DF33375E4EFA /* Pods-OCleanupTests.debug.xcconfig */;
			buildSettings = {
				BUNDLE_LOADER = "$(TEST_HOST)";
				CODE_SIGN_STYLE = Automatic;
				DEVELOPMENT_TEAM = DFHCXY3FVB;
				INFOPLIST_FILE = OCleanupTests/Info.plist;
				LD_RUNPATH_SEARCH_PATHS = "$(inherited) @executable_path/Frameworks @loader_path/Frameworks";
				PRODUCT_BUNDLE_IDENTIFIER = com.JoshLin.OCleanupTests;
				PRODUCT_NAME = "$(TARGET_NAME)";
				TARGETED_DEVICE_FAMILY = "1,2";
				TEST_HOST = "$(BUILT_PRODUCTS_DIR)/OCleanup.app/OCleanup";
			};
			name = Debug;
		};
		03EDA956210487EA006CCB67 /* Release */ = {
			isa = XCBuildConfiguration;
			baseConfigurationReference = 5EDE64237F268D618CE4F0D8 /* Pods-OCleanupTests.release.xcconfig */;
			buildSettings = {
				BUNDLE_LOADER = "$(TEST_HOST)";
				CODE_SIGN_STYLE = Automatic;
				DEVELOPMENT_TEAM = DFHCXY3FVB;
				INFOPLIST_FILE = OCleanupTests/Info.plist;
				LD_RUNPATH_SEARCH_PATHS = "$(inherited) @executable_path/Frameworks @loader_path/Frameworks";
				PRODUCT_BUNDLE_IDENTIFIER = com.JoshLin.OCleanupTests;
				PRODUCT_NAME = "$(TARGET_NAME)";
				TARGETED_DEVICE_FAMILY = "1,2";
				TEST_HOST = "$(BUILT_PRODUCTS_DIR)/OCleanup.app/OCleanup";
			};
			name = Release;
		};
		03EDA958210487EA006CCB67 /* Debug */ = {
			isa = XCBuildConfiguration;
			baseConfigurationReference = D028550284F5FD89D4C50C79 /* Pods-OCleanupUITests.debug.xcconfig */;
			buildSettings = {
				CODE_SIGN_STYLE = Automatic;
				DEVELOPMENT_TEAM = DFHCXY3FVB;
				INFOPLIST_FILE = OCleanupUITests/Info.plist;
				LD_RUNPATH_SEARCH_PATHS = "$(inherited) @executable_path/Frameworks @loader_path/Frameworks";
				PRODUCT_BUNDLE_IDENTIFIER = com.JoshLin.OCleanupUITests;
				PRODUCT_NAME = "$(TARGET_NAME)";
				TARGETED_DEVICE_FAMILY = "1,2";
				TEST_TARGET_NAME = OCleanup;
			};
			name = Debug;
		};
		03EDA959210487EA006CCB67 /* Release */ = {
			isa = XCBuildConfiguration;
			baseConfigurationReference = 1762A64EF4B9E5F8E9348965 /* Pods-OCleanupUITests.release.xcconfig */;
			buildSettings = {
				CODE_SIGN_STYLE = Automatic;
				DEVELOPMENT_TEAM = DFHCXY3FVB;
				INFOPLIST_FILE = OCleanupUITests/Info.plist;
				LD_RUNPATH_SEARCH_PATHS = "$(inherited) @executable_path/Frameworks @loader_path/Frameworks";
				PRODUCT_BUNDLE_IDENTIFIER = com.JoshLin.OCleanupUITests;
				PRODUCT_NAME = "$(TARGET_NAME)";
				TARGETED_DEVICE_FAMILY = "1,2";
				TEST_TARGET_NAME = OCleanup;
			};
			name = Release;
		};
/* End XCBuildConfiguration section */

/* Begin XCConfigurationList section */
		03EDA920210487EA006CCB67 /* Build configuration list for PBXProject "OCleanup" */ = {
			isa = XCConfigurationList;
			buildConfigurations = (
				03EDA94F210487EA006CCB67 /* Debug */,
				03EDA950210487EA006CCB67 /* Release */,
			);
			defaultConfigurationIsVisible = 0;
			defaultConfigurationName = Release;
		};
		03EDA951210487EA006CCB67 /* Build configuration list for PBXNativeTarget "OCleanup" */ = {
			isa = XCConfigurationList;
			buildConfigurations = (
				03EDA952210487EA006CCB67 /* Debug */,
				03EDA953210487EA006CCB67 /* Release */,
			);
			defaultConfigurationIsVisible = 0;
			defaultConfigurationName = Release;
		};
		03EDA954210487EA006CCB67 /* Build configuration list for PBXNativeTarget "OCleanupTests" */ = {
			isa = XCConfigurationList;
			buildConfigurations = (
				03EDA955210487EA006CCB67 /* Debug */,
				03EDA956210487EA006CCB67 /* Release */,
			);
			defaultConfigurationIsVisible = 0;
			defaultConfigurationName = Release;
		};
		03EDA957210487EA006CCB67 /* Build configuration list for PBXNativeTarget "OCleanupUITests" */ = {
			isa = XCConfigurationList;
			buildConfigurations = (
				03EDA958210487EA006CCB67 /* Debug */,
				03EDA959210487EA006CCB67 /* Release */,
			);
			defaultConfigurationIsVisible = 0;
			defaultConfigurationName = Release;
		};
/* End XCConfigurationList section */
	};
	rootObject = 03EDA91D210487EA006CCB67 /* Project object */;
}
